// !$*UTF8*$!
{
	archiveVersion = 1;
	classes = {
	};
	objectVersion = 50;
	objects = {

/* Begin PBXBuildFile section */
		17250163232A4A2600349BE8 /* AppDelegate.swift in Sources */ = {isa = PBXBuildFile; fileRef = 17250162232A4A2600349BE8 /* AppDelegate.swift */; };
		17250168232A4A2600349BE8 /* Main.storyboard in Resources */ = {isa = PBXBuildFile; fileRef = 17250166232A4A2600349BE8 /* Main.storyboard */; };
		1725016A232A4A2700349BE8 /* Assets.xcassets in Resources */ = {isa = PBXBuildFile; fileRef = 17250169232A4A2700349BE8 /* Assets.xcassets */; };
		1725016D232A4A2700349BE8 /* LaunchScreen.storyboard in Resources */ = {isa = PBXBuildFile; fileRef = 1725016B232A4A2700349BE8 /* LaunchScreen.storyboard */; };
		17250177232A4AB500349BE8 /* FormTableViewController.swift in Sources */ = {isa = PBXBuildFile; fileRef = 17250176232A4AB500349BE8 /* FormTableViewController.swift */; };
		17250179232A51DC00349BE8 /* FormTableViewCell.swift in Sources */ = {isa = PBXBuildFile; fileRef = 17250178232A51DC00349BE8 /* FormTableViewCell.swift */; };
		1725019D232BAB7400349BE8 /* File.swift in Sources */ = {isa = PBXBuildFile; fileRef = 1725019C232BAB7400349BE8 /* File.swift */; };
		1725019F232BE7AA00349BE8 /* API.swift in Sources */ = {isa = PBXBuildFile; fileRef = 1725019E232BE7AA00349BE8 /* API.swift */; };
		172501A1232FAB6700349BE8 /* ExpandingCell.swift in Sources */ = {isa = PBXBuildFile; fileRef = 172501A0232FAB6700349BE8 /* ExpandingCell.swift */; };
/* End PBXBuildFile section */

/* Begin PBXFileReference section */
		1725015F232A4A2600349BE8 /* Exp.app */ = {isa = PBXFileReference; explicitFileType = wrapper.application; includeInIndex = 0; path = Exp.app; sourceTree = BUILT_PRODUCTS_DIR; };
		17250162232A4A2600349BE8 /* AppDelegate.swift */ = {isa = PBXFileReference; lastKnownFileType = sourcecode.swift; path = AppDelegate.swift; sourceTree = "<group>"; };
		17250167232A4A2600349BE8 /* Base */ = {isa = PBXFileReference; lastKnownFileType = file.storyboard; name = Base; path = Base.lproj/Main.storyboard; sourceTree = "<group>"; };
		17250169232A4A2700349BE8 /* Assets.xcassets */ = {isa = PBXFileReference; lastKnownFileType = folder.assetcatalog; path = Assets.xcassets; sourceTree = "<group>"; };
		1725016C232A4A2700349BE8 /* Base */ = {isa = PBXFileReference; lastKnownFileType = file.storyboard; name = Base; path = Base.lproj/LaunchScreen.storyboard; sourceTree = "<group>"; };
		1725016E232A4A2700349BE8 /* Info.plist */ = {isa = PBXFileReference; lastKnownFileType = text.plist.xml; path = Info.plist; sourceTree = "<group>"; };
		17250176232A4AB500349BE8 /* FormTableViewController.swift */ = {isa = PBXFileReference; lastKnownFileType = sourcecode.swift; path = FormTableViewController.swift; sourceTree = "<group>"; };
		17250178232A51DC00349BE8 /* FormTableViewCell.swift */ = {isa = PBXFileReference; lastKnownFileType = sourcecode.swift; path = FormTableViewCell.swift; sourceTree = "<group>"; };
		1725019C232BAB7400349BE8 /* File.swift */ = {isa = PBXFileReference; lastKnownFileType = sourcecode.swift; path = File.swift; sourceTree = "<group>"; };
		1725019E232BE7AA00349BE8 /* API.swift */ = {isa = PBXFileReference; lastKnownFileType = sourcecode.swift; path = API.swift; sourceTree = "<group>"; };
		172501A0232FAB6700349BE8 /* ExpandingCell.swift */ = {isa = PBXFileReference; lastKnownFileType = sourcecode.swift; path = ExpandingCell.swift; sourceTree = "<group>"; };
/* End PBXFileReference section */

/* Begin PBXFrameworksBuildPhase section */
		1725015C232A4A2600349BE8 /* Frameworks */ = {
			isa = PBXFrameworksBuildPhase;
			buildActionMask = 2147483647;
			files = (
			);
			runOnlyForDeploymentPostprocessing = 0;
		};
/* End PBXFrameworksBuildPhase section */

/* Begin PBXGroup section */
		17250156232A4A2500349BE8 = {
			isa = PBXGroup;
			children = (
				17250161232A4A2600349BE8 /* Exp */,
				17250160232A4A2600349BE8 /* Products */,
			);
			sourceTree = "<group>";
		};
		17250160232A4A2600349BE8 /* Products */ = {
			isa = PBXGroup;
			children = (
				1725015F232A4A2600349BE8 /* Exp.app */,
			);
			name = Products;
			sourceTree = "<group>";
		};
		17250161232A4A2600349BE8 /* Exp */ = {
			isa = PBXGroup;
			children = (
				17250162232A4A2600349BE8 /* AppDelegate.swift */,
				17250166232A4A2600349BE8 /* Main.storyboard */,
				17250169232A4A2700349BE8 /* Assets.xcassets */,
				1725016B232A4A2700349BE8 /* LaunchScreen.storyboard */,
				1725016E232A4A2700349BE8 /* Info.plist */,
				17250176232A4AB500349BE8 /* FormTableViewController.swift */,
				17250178232A51DC00349BE8 /* FormTableViewCell.swift */,
				1725019C232BAB7400349BE8 /* File.swift */,
				1725019E232BE7AA00349BE8 /* API.swift */,
				172501A0232FAB6700349BE8 /* ExpandingCell.swift */,
			);
			path = Exp;
			sourceTree = "<group>";
		};
/* End PBXGroup section */

/* Begin PBXNativeTarget section */
		1725015E232A4A2600349BE8 /* Exp */ = {
			isa = PBXNativeTarget;
			buildConfigurationList = 17250171232A4A2700349BE8 /* Build configuration list for PBXNativeTarget "Exp" */;
			buildPhases = (
				1725015B232A4A2600349BE8 /* Sources */,
				1725015C232A4A2600349BE8 /* Frameworks */,
				1725015D232A4A2600349BE8 /* Resources */,
			);
			buildRules = (
			);
			dependencies = (
			);
			name = Exp;
			productName = Exp;
			productReference = 1725015F232A4A2600349BE8 /* Exp.app */;
			productType = "com.apple.product-type.application";
		};
/* End PBXNativeTarget section */

/* Begin PBXProject section */
		17250157232A4A2500349BE8 /* Project object */ = {
			isa = PBXProject;
			attributes = {
				LastSwiftUpdateCheck = 1010;
				LastUpgradeCheck = 1010;
				ORGANIZATIONNAME = "Ernest Gaisie";
				TargetAttributes = {
					1725015E232A4A2600349BE8 = {
						CreatedOnToolsVersion = 10.1;
					};
				};
			};
			buildConfigurationList = 1725015A232A4A2500349BE8 /* Build configuration list for PBXProject "Exp" */;
			compatibilityVersion = "Xcode 9.3";
			developmentRegion = en;
			hasScannedForEncodings = 0;
			knownRegions = (
				en,
				Base,
			);
			mainGroup = 17250156232A4A2500349BE8;
			productRefGroup = 17250160232A4A2600349BE8 /* Products */;
			projectDirPath = "";
			projectRoot = "";
			targets = (
				1725015E232A4A2600349BE8 /* Exp */,
			);
		};
/* End PBXProject section */

/* Begin PBXResourcesBuildPhase section */
		1725015D232A4A2600349BE8 /* Resources */ = {
			isa = PBXResourcesBuildPhase;
			buildActionMask = 2147483647;
			files = (
				1725016D232A4A2700349BE8 /* LaunchScreen.storyboard in Resources */,
				1725016A232A4A2700349BE8 /* Assets.xcassets in Resources */,
				17250168232A4A2600349BE8 /* Main.storyboard in Resources */,
			);
			runOnlyForDeploymentPostprocessing = 0;
		};
/* End PBXResourcesBuildPhase section */

/* Begin PBXSourcesBuildPhase section */
		1725015B232A4A2600349BE8 /* Sources */ = {
			isa = PBXSourcesBuildPhase;
			buildActionMask = 2147483647;
			files = (
				17250163232A4A2600349BE8 /* AppDelegate.swift in Sources */,
				1725019D232BAB7400349BE8 /* File.swift in Sources */,
				172501A1232FAB6700349BE8 /* ExpandingCell.swift in Sources */,
				17250179232A51DC00349BE8 /* FormTableViewCell.swift in Sources */,
				17250177232A4AB500349BE8 /* FormTableViewController.swift in Sources */,
				1725019F232BE7AA00349BE8 /* API.swift in Sources */,
			);
			runOnlyForDeploymentPostprocessing = 0;
		};
/* End PBXSourcesBuildPhase section */

/* Begin PBXVariantGroup section */
		17250166232A4A2600349BE8 /* Main.storyboard */ = {
			isa = PBXVariantGroup;
			children = (
				17250167232A4A2600349BE8 /* Base */,
			);
			name = Main.storyboard;
			sourceTree = "<group>";
		};
		1725016B232A4A2700349BE8 /* LaunchScreen.storyboard */ = {
			isa = PBXVariantGroup;
			children = (
				1725016C232A4A2700349BE8 /* Base */,
			);
			name = LaunchScreen.storyboard;
			sourceTree = "<group>";
		};
/* End PBXVariantGroup section */

/* Begin XCBuildConfiguration section */
		1725016F232A4A2700349BE8 /* Debug */ = {
			isa = XCBuildConfiguration;
			buildSettings = {
				ALWAYS_SEARCH_USER_PATHS = NO;
				CLANG_ANALYZER_NONNULL = YES;
				CLANG_ANALYZER_NUMBER_OBJECT_CONVERSION = YES_AGGRESSIVE;
				CLANG_CXX_LANGUAGE_STANDARD = "gnu++14";
				CLANG_CXX_LIBRARY = "libc++";
				CLANG_ENABLE_MODULES = YES;
				CLANG_ENABLE_OBJC_ARC = YES;
				CLANG_ENABLE_OBJC_WEAK = YES;
				CLANG_WARN_BLOCK_CAPTURE_AUTORELEASING = YES;
				CLANG_WARN_BOOL_CONVERSION = YES;
				CLANG_WARN_COMMA = YES;
				CLANG_WARN_CONSTANT_CONVERSION = YES;
				CLANG_WARN_DEPRECATED_OBJC_IMPLEMENTATIONS = YES;
				CLANG_WARN_DIRECT_OBJC_ISA_USAGE = YES_ERROR;
				CLANG_WARN_DOCUMENTATION_COMMENTS = YES;
				CLANG_WARN_EMPTY_BODY = YES;
				CLANG_WARN_ENUM_CONVERSION = YES;
				CLANG_WARN_INFINITE_RECURSION = YES;
				CLANG_WARN_INT_CONVERSION = YES;
				CLANG_WARN_NON_LITERAL_NULL_CONVERSION = YES;
				CLANG_WARN_OBJC_IMPLICIT_RETAIN_SELF = YES;
				CLANG_WARN_OBJC_LITERAL_CONVERSION = YES;
				CLANG_WARN_OBJC_ROOT_CLASS = YES_ERROR;
				CLANG_WARN_RANGE_LOOP_ANALYSIS = YES;
				CLANG_WARN_STRICT_PROTOTYPES = YES;
				CLANG_WARN_SUSPICIOUS_MOVE = YES;
				CLANG_WARN_UNGUARDED_AVAILABILITY = YES_AGGRESSIVE;
				CLANG_WARN_UNREACHABLE_CODE = YES;
				CLANG_WARN__DUPLICATE_METHOD_MATCH = YES;
				CODE_SIGN_IDENTITY = "iPhone Developer";
				COPY_PHASE_STRIP = NO;
				DEBUG_INFORMATION_FORMAT = dwarf;
				ENABLE_STRICT_OBJC_MSGSEND = YES;
				ENABLE_TESTABILITY = YES;
				GCC_C_LANGUAGE_STANDARD = gnu11;
				GCC_DYNAMIC_NO_PIC = NO;
				GCC_NO_COMMON_BLOCKS = YES;
				GCC_OPTIMIZATION_LEVEL = 0;
				GCC_PREPROCESSOR_DEFINITIONS = (
					"DEBUG=1",
					"$(inherited)",
				);
				GCC_WARN_64_TO_32_BIT_CONVERSION = YES;
				GCC_WARN_ABOUT_RETURN_TYPE = YES_ERROR;
				GCC_WARN_UNDECLARED_SELECTOR = YES;
				GCC_WARN_UNINITIALIZED_AUTOS = YES_AGGRESSIVE;
				GCC_WARN_UNUSED_FUNCTION = YES;
				GCC_WARN_UNUSED_VARIABLE = YES;
				IPHONEOS_DEPLOYMENT_TARGET = 12.1;
				MTL_ENABLE_DEBUG_INFO = INCLUDE_SOURCE;
				MTL_FAST_MATH = YES;
				ONLY_ACTIVE_ARCH = YES;
				SDKROOT = iphoneos;
				SWIFT_ACTIVE_COMPILATION_CONDITIONS = DEBUG;
				SWIFT_OPTIMIZATION_LEVEL = "-Onone";
			};
			name = Debug;
		};
		17250170232A4A2700349BE8 /* Release */ = {
			isa = XCBuildConfiguration;
			buildSettings = {
				ALWAYS_SEARCH_USER_PATHS = NO;
				CLANG_ANALYZER_NONNULL = YES;
				CLANG_ANALYZER_NUMBER_OBJECT_CONVERSION = YES_AGGRESSIVE;
				CLANG_CXX_LANGUAGE_STANDARD = "gnu++14";
				CLANG_CXX_LIBRARY = "libc++";
				CLANG_ENABLE_MODULES = YES;
				CLANG_ENABLE_OBJC_ARC = YES;
				CLANG_ENABLE_OBJC_WEAK = YES;
				CLANG_WARN_BLOCK_CAPTURE_AUTORELEASING = YES;
				CLANG_WARN_BOOL_CONVERSION = YES;
				CLANG_WARN_COMMA = YES;
				CLANG_WARN_CONSTANT_CONVERSION = YES;
				CLANG_WARN_DEPRECATED_OBJC_IMPLEMENTATIONS = YES;
				CLANG_WARN_DIRECT_OBJC_ISA_USAGE = YES_ERROR;
				CLANG_WARN_DOCUMENTATION_COMMENTS = YES;
				CLANG_WARN_EMPTY_BODY = YES;
				CLANG_WARN_ENUM_CONVERSION = YES;
				CLANG_WARN_INFINITE_RECURSION = YES;
				CLANG_WARN_INT_CONVERSION = YES;
				CLANG_WARN_NON_LITERAL_NULL_CONVERSION = YES;
				CLANG_WARN_OBJC_IMPLICIT_RETAIN_SELF = YES;
				CLANG_WARN_OBJC_LITERAL_CONVERSION = YES;
				CLANG_WARN_OBJC_ROOT_CLASS = YES_ERROR;
				CLANG_WARN_RANGE_LOOP_ANALYSIS = YES;
				CLANG_WARN_STRICT_PROTOTYPES = YES;
				CLANG_WARN_SUSPICIOUS_MOVE = YES;
				CLANG_WARN_UNGUARDED_AVAILABILITY = YES_AGGRESSIVE;
				CLANG_WARN_UNREACHABLE_CODE = YES;
				CLANG_WARN__DUPLICATE_METHOD_MATCH = YES;
				CODE_SIGN_IDENTITY = "iPhone Developer";
				COPY_PHASE_STRIP = NO;
				DEBUG_INFORMATION_FORMAT = "dwarf-with-dsym";
				ENABLE_NS_ASSERTIONS = NO;
				ENABLE_STRICT_OBJC_MSGSEND = YES;
				GCC_C_LANGUAGE_STANDARD = gnu11;
				GCC_NO_COMMON_BLOCKS = YES;
				GCC_WARN_64_TO_32_BIT_CONVERSION = YES;
				GCC_WARN_ABOUT_RETURN_TYPE = YES_ERROR;
				GCC_WARN_UNDECLARED_SELECTOR = YES;
				GCC_WARN_UNINITIALIZED_AUTOS = YES_AGGRESSIVE;
				GCC_WARN_UNUSED_FUNCTION = YES;
				GCC_WARN_UNUSED_VARIABLE = YES;
				IPHONEOS_DEPLOYMENT_TARGET = 12.1;
				MTL_ENABLE_DEBUG_INFO = NO;
				MTL_FAST_MATH = YES;
				SDKROOT = iphoneos;
				SWIFT_COMPILATION_MODE = wholemodule;
				SWIFT_OPTIMIZATION_LEVEL = "-O";
				VALIDATE_PRODUCT = YES;
			};
			name = Release;
		};
		17250172232A4A2700349BE8 /* Debug */ = {
			isa = XCBuildConfiguration;
			buildSettings = {
				ASSETCATALOG_COMPILER_APPICON_NAME = AppIcon;
				CODE_SIGN_STYLE = Automatic;
				DEVELOPMENT_TEAM = XH7PKF9Q8S;
				INFOPLIST_FILE = Exp/Info.plist;
				LD_RUNPATH_SEARCH_PATHS = (
					"$(inherited)",
					"@executable_path/Frameworks",
				);
				PRODUCT_BUNDLE_IDENTIFIER = com.QodeHub.Exp;
				PRODUCT_NAME = "$(TARGET_NAME)";
				SWIFT_VERSION = 4.2;
				TARGETED_DEVICE_FAMILY = "1,2";
			};
			name = Debug;
		};
		17250173232A4A2700349BE8 /* Release */ = {
			isa = XCBuildConfiguration;
			buildSettings = {
				ASSETCATALOG_COMPILER_APPICON_NAME = AppIcon;
				CODE_SIGN_STYLE = Automatic;
				DEVELOPMENT_TEAM = XH7PKF9Q8S;
				INFOPLIST_FILE = Exp/Info.plist;
				LD_RUNPATH_SEARCH_PATHS = (
					"$(inherited)",
					"@executable_path/Frameworks",
				);
				PRODUCT_BUNDLE_IDENTIFIER = com.QodeHub.Exp;
				PRODUCT_NAME = "$(TARGET_NAME)";
				SWIFT_VERSION = 4.2;
				TARGETED_DEVICE_FAMILY = "1,2";
			};
			name = Release;
		};
/* End XCBuildConfiguration section */

/* Begin XCConfigurationList section */
		1725015A232A4A2500349BE8 /* Build configuration list for PBXProject "Exp" */ = {
			isa = XCConfigurationList;
			buildConfigurations = (
				1725016F232A4A2700349BE8 /* Debug */,
				17250170232A4A2700349BE8 /* Release */,
			);
			defaultConfigurationIsVisible = 0;
			defaultConfigurationName = Release;
		};
		17250171232A4A2700349BE8 /* Build configuration list for PBXNativeTarget "Exp" */ = {
			isa = XCConfigurationList;
			buildConfigurations = (
				17250172232A4A2700349BE8 /* Debug */,
				17250173232A4A2700349BE8 /* Release */,
			);
			defaultConfigurationIsVisible = 0;
			defaultConfigurationName = Release;
		};
/* End XCConfigurationList section */
	};
	rootObject = 17250157232A4A2500349BE8 /* Project object */;
}
